
Microsoft Visual Studio Solution File, Format Version 12.00
Project("{FAE04EC0-301F-11D3-BF4B-00C04F79EFBC}") = "VerifyMe", "VerifyMe\VerifyMe.csproj", "{8BD1979C-F93B-470E-894B-A5A7D387C874}"
EndProject
Project("{2150E333-8FDC-42A3-9474-1A3956D46DE8}") = "src", "src", "{68900B52-66AC-49A5-9FD2-823143C4B4FF}"
EndProject
Project("{FAE04EC0-301F-11D3-BF4B-00C04F79EFBC}") = "VerifyMe.Models", "VerifyMe.Models\VerifyMe.Models.csproj", "{3EBA88F0-B61F-4FA1-A524-C12C0A51206F}"
EndProject
Global
	GlobalSection(SolutionConfigurationPlatforms) = preSolution
		Debug|Any CPU = Debug|Any CPU
		Release|Any CPU = Release|Any CPU
	EndGlobalSection
	GlobalSection(ProjectConfigurationPlatforms) = postSolution
		{8BD1979C-F93B-470E-894B-A5A7D387C874}.Debug|Any CPU.ActiveCfg = Debug|Any CPU
		{8BD1979C-F93B-470E-894B-A5A7D387C874}.Debug|Any CPU.Build.0 = Debug|Any CPU
		{8BD1979C-F93B-470E-894B-A5A7D387C874}.Release|Any CPU.ActiveCfg = Release|Any CPU
		{8BD1979C-F93B-470E-894B-A5A7D387C874}.Release|Any CPU.Build.0 = Release|Any CPU
		{3EBA88F0-B61F-4FA1-A524-C12C0A51206F}.Debug|Any CPU.ActiveCfg = Debug|Any CPU
		{3EBA88F0-B61F-4FA1-A524-C12C0A51206F}.Debug|Any CPU.Build.0 = Debug|Any CPU
		{3EBA88F0-B61F-4FA1-A524-C12C0A51206F}.Release|Any CPU.ActiveCfg = Release|Any CPU
		{3EBA88F0-B61F-4FA1-A524-C12C0A51206F}.Release|Any CPU.Build.0 = Release|Any CPU
	EndGlobalSection
	GlobalSection(NestedProjects) = preSolution
		{8BD1979C-F93B-470E-894B-A5A7D387C874} = {68900B52-66AC-49A5-9FD2-823143C4B4FF}
		{3EBA88F0-B61F-4FA1-A524-C12C0A51206F} = {68900B52-66AC-49A5-9FD2-823143C4B4FF}
	EndGlobalSection
EndGlobal
