
Microsoft Visual Studio Solution File, Format Version 12.00
Project("{FAE04EC0-301F-11D3-BF4B-00C04F79EFBC}") = "VerifyMe", "VerifyMe\VerifyMe.csproj", "{8BD1979C-F93B-470E-894B-A5A7D387C874}"
EndProject
Project("{2150E333-8FDC-42A3-9474-1A3956D46DE8}") = "src", "src", "{68900B52-66AC-49A5-9FD2-823143C4B4FF}"
EndProject
Project("{FAE04EC0-301F-11D3-BF4B-00C04F79EFBC}") = "VerifyMe.Models", "VerifyMe.Models\VerifyMe.Models.csproj", "{3EBA88F0-B61F-4FA1-A524-C12C0A51206F}"
EndProject
Project("{FAE04EC0-301F-11D3-BF4B-00C04F79EFBC}") = "VerifyMe.Storage", "VerifyMe.Storage\VerifyMe.Storage.csproj", "{114D78EA-1E46-4984-8828-DC611B699C3E}"
EndProject
Project("{FAE04EC0-301F-11D3-BF4B-00C04F79EFBC}") = "VerifyMe.Telegram", "VerifyMe.Telegram\VerifyMe.Telegram.csproj", "{EEAF98BA-2491-49C7-9DE2-C0E6380C0EA9}"
EndProject
Project("{FAE04EC0-301F-11D3-BF4B-00C04F79EFBC}") = "VerifyMe.Services", "VerifyMe.Services\VerifyMe.Services.csproj", "{F9BC3270-5B16-44E3-83C6-5CF1A4BF5E60}"
EndProject
Global
	GlobalSection(SolutionConfigurationPlatforms) = preSolution
		Debug|Any CPU = Debug|Any CPU
		Release|Any CPU = Release|Any CPU
	EndGlobalSection
	GlobalSection(ProjectConfigurationPlatforms) = postSolution
		{8BD1979C-F93B-470E-894B-A5A7D387C874}.Debug|Any CPU.ActiveCfg = Debug|Any CPU
		{8BD1979C-F93B-470E-894B-A5A7D387C874}.Debug|Any CPU.Build.0 = Debug|Any CPU
		{8BD1979C-F93B-470E-894B-A5A7D387C874}.Release|Any CPU.ActiveCfg = Release|Any CPU
		{8BD1979C-F93B-470E-894B-A5A7D387C874}.Release|Any CPU.Build.0 = Release|Any CPU
		{3EBA88F0-B61F-4FA1-A524-C12C0A51206F}.Debug|Any CPU.ActiveCfg = Debug|Any CPU
		{3EBA88F0-B61F-4FA1-A524-C12C0A51206F}.Debug|Any CPU.Build.0 = Debug|Any CPU
		{3EBA88F0-B61F-4FA1-A524-C12C0A51206F}.Release|Any CPU.ActiveCfg = Release|Any CPU
		{3EBA88F0-B61F-4FA1-A524-C12C0A51206F}.Release|Any CPU.Build.0 = Release|Any CPU
		{114D78EA-1E46-4984-8828-DC611B699C3E}.Debug|Any CPU.ActiveCfg = Debug|Any CPU
		{114D78EA-1E46-4984-8828-DC611B699C3E}.Debug|Any CPU.Build.0 = Debug|Any CPU
		{114D78EA-1E46-4984-8828-DC611B699C3E}.Release|Any CPU.ActiveCfg = Release|Any CPU
		{114D78EA-1E46-4984-8828-DC611B699C3E}.Release|Any CPU.Build.0 = Release|Any CPU
		{EEAF98BA-2491-49C7-9DE2-C0E6380C0EA9}.Debug|Any CPU.ActiveCfg = Debug|Any CPU
		{EEAF98BA-2491-49C7-9DE2-C0E6380C0EA9}.Debug|Any CPU.Build.0 = Debug|Any CPU
		{EEAF98BA-2491-49C7-9DE2-C0E6380C0EA9}.Release|Any CPU.ActiveCfg = Release|Any CPU
		{EEAF98BA-2491-49C7-9DE2-C0E6380C0EA9}.Release|Any CPU.Build.0 = Release|Any CPU
		{F9BC3270-5B16-44E3-83C6-5CF1A4BF5E60}.Debug|Any CPU.ActiveCfg = Debug|Any CPU
		{F9BC3270-5B16-44E3-83C6-5CF1A4BF5E60}.Debug|Any CPU.Build.0 = Debug|Any CPU
		{F9BC3270-5B16-44E3-83C6-5CF1A4BF5E60}.Release|Any CPU.ActiveCfg = Release|Any CPU
		{F9BC3270-5B16-44E3-83C6-5CF1A4BF5E60}.Release|Any CPU.Build.0 = Release|Any CPU
	EndGlobalSection
	GlobalSection(NestedProjects) = preSolution
		{8BD1979C-F93B-470E-894B-A5A7D387C874} = {68900B52-66AC-49A5-9FD2-823143C4B4FF}
		{3EBA88F0-B61F-4FA1-A524-C12C0A51206F} = {68900B52-66AC-49A5-9FD2-823143C4B4FF}
		{114D78EA-1E46-4984-8828-DC611B699C3E} = {68900B52-66AC-49A5-9FD2-823143C4B4FF}
		{EEAF98BA-2491-49C7-9DE2-C0E6380C0EA9} = {68900B52-66AC-49A5-9FD2-823143C4B4FF}
		{F9BC3270-5B16-44E3-83C6-5CF1A4BF5E60} = {68900B52-66AC-49A5-9FD2-823143C4B4FF}
	EndGlobalSection
EndGlobal
